github.com/davecgh/go-spew v1.1.1 h1:vj9j/u1bqnvCEfJOwUhtlOARqs3+rkHYY13jYWTU97c=
github.com/kr/pretty v0.2.1 h1:Fmg33tUaq4/8ym9TJN1x7sLJnHVwhP33CNkpYV/7rwI=
github.com/kr/pretty v0.2.1/go.mod h1:ipq/a2n7PKx3OHsz4KJII5eveXtPO4qwEXGdVfWzfnI=
github.com/kr/pty v1.1.1/go.mod h1:pFQYn66WHrOpPYNljwOMqo10TkYh1fy3cYio2l3bCsQ=
github.com/kr/text v0.1.0 h1:45sCR5RtlFHMR4UwH9sdQ5TC8v0qDQCHnXt+kaKSTVE=
github.com/kr/text v0.1.0/go.mod h1:4Jbv+DJW3UT/LiOwJeYQe1efqtUx/iVham/4vfdArNI=
github.com/linuxdeepin/go-x11-client v0.0.0-20230710064023-230ea415af17 h1:H5DQUwCGAIa9/1rGOQohI8wFQjCkfRrShaccMUz4Ra0=
github.com/linuxdeepin/go-x11-client v0.0.0-20230710064023-230ea415af17/go.mod h1:KwpmRZ47A/0a2l9V0V6aTlkuNaqy5j1fOqMFJONuIMY=
github.com/multiverse-os/ansi v0.1.0 h1:7eXsAL9bqYDMYW90lDQCkFQWNqD40OlnPh9s06ARtBg=
github.com/multiverse-os/ansi v0.1.0/go.mod h1:PD6H6rUJ4GvsipdGr0+zxn2pxLA7NCXOLDhPt7mnd/E=
github.com/multiverse-os/banner v0.0.0-20231006133835-80f8c892b073 h1:b6zmFJdSXk7QVlpEARo7cV6C73zK/qkGV12djb7+5SI=
github.com/multiverse-os/banner v0.0.0-20231006133835-80f8c892b073/go.mod h1:iKsSBKiFih4XCe4D3z4W/USY/q1ZKCMSaUFWkU/F6j4=
github.com/multiverse-os/banner v0.1.0 h1:VPBNBM6TNgtZfSAJeAwmSaFiVuGTqJgHBxmEyL3m9Xw=
github.com/multiverse-os/banner v0.1.0/go.mod h1:iKsSBKiFih4XCe4D3z4W/USY/q1ZKCMSaUFWkU/F6j4=
github.com/multiverse-os/cli v0.1.0 h1:DGtjz+ssKR8jJryxwi7tZbK0tbRTsNV5o4fMbkoNzt4=
github.com/multiverse-os/cli v0.1.0/go.mod h1:R+0GXdB/q2GTDrfe5SMLTbZZWFH227ojD6TiF3Do5lg=
github.com/multiverse-os/data v0.1.0 h1:SGlsoHzW6VSr9Paw89cdQvz5YPJpK6MN4Nvh+MwLWeA=
github.com/multiverse-os/data v0.1.0/go.mod h1:sd0B1WFUOEcS30uIJVOOayAKZaEfwmifW3hsnV5GLaw=
github.com/multiverse-os/loading v0.1.0 h1:8wdrto1uvUV4lEGaY4rSWBr5z5c5NFaeKn3lBlpm824=
github.com/multiverse-os/loading v0.1.0/go.mod h1:YoLwMjKum8PDjn69+55Zq75tAaa+G776QvuHLkWlWGE=
github.com/pmezard/go-difflib v1.0.0 h1:4DBwDE0NGyQoBHbLQYPwSUPoCMWR5BEzIk/f1lZbAQM=
github.com/stretchr/testify v1.8.4 h1:CcVxjf3Q8PM0mHUKJCdn+eZZtm5yQwehR5yeSVQQcUk=
github.com/stretchr/testify v1.8.4/go.mod h1:sz/lmYIOXD/1dqDmKjjqLyZ2RngseejIcXlSw2iwfAo=
golang.org/x/text v0.13.0 h1:ablQoSUd0tRdKxZewP80B+BaqeKJuVhuRxj/dkrun3k=
golang.org/x/text v0.13.0/go.mod h1:TvPlkZtksWOMsz7fbANvkp4WM8x/WCo/om8BMLbz+aE=
gopkg.in/check.v1 v1.0.0-20201130134442-10cb98267c6c h1:Hei/4ADfdWqJk1ZMxUNpqntNwaWcugrBjAiHlqqRiVk=
gopkg.in/check.v1 v1.0.0-20201130134442-10cb98267c6c/go.mod h1:JHkPIbrfpd72SG/EVd6muEfDQjcINNoR0C8j2r3qZ4Q=
gopkg.in/yaml.v3 v3.0.1 h1:fxVm/GzAzEWqLHuvctI91KS9hhNmmWOoWu0XTYJS7CA=
