github.com/linuxdeepin/go-x11-client v0.0.0-20230710064023-230ea415af17 h1:H5DQUwCGAIa9/1rGOQohI8wFQjCkfRrShaccMUz4Ra0=
github.com/linuxdeepin/go-x11-client v0.0.0-20230710064023-230ea415af17/go.mod h1:KwpmRZ47A/0a2l9V0V6aTlkuNaqy5j1fOqMFJONuIMY=
github.com/multiverse-os/cli v0.1.0 h1:DGtjz+ssKR8jJryxwi7tZbK0tbRTsNV5o4fMbkoNzt4=
github.com/shehackedyou/streamkit/xserver v0.0.0-20231214145156-f6ea6614d3c9 h1:/cSfFCPYsjuITjks8FxWSDrc1wJ04bLmpz5CNNooHuE=
github.com/shehackedyou/streamkit/xserver v0.0.0-20231214145156-f6ea6614d3c9/go.mod h1:gK7bqbvk/xbk9ADqFHjAuUpj4dygXg9eQ+D1sx68eZE=
